
Microsoft Visual Studio Solution File, Format Version 12.00
# Visual Studio Version 17
VisualStudioVersion = 17.3.32929.385
MinimumVisualStudioVersion = 10.0.40219.1
Project("{2150E333-8FDC-42A3-9474-1A3956D46DE8}") = "Services", "Services", "{8589DDA8-5365-48EB-BA90-9E18A3DB78D0}"
EndProject
Project("{2150E333-8FDC-42A3-9474-1A3956D46DE8}") = "Catalog", "Catalog", "{76B32C9B-911E-4F11-854D-FC8E5AB77D93}"
EndProject
Project("{9A19103F-16F7-4668-BE54-9A1E7A4F7556}") = "Catalog.API", "Services\Catalog\Catalog.API\Catalog.API.csproj", "{423A556D-EE03-4FA1-B9BE-34471DB7F427}"
EndProject
Project("{E53339B2-1760-4266-BCC7-CA923CBCF16C}") = "docker-compose", "docker-compose.dcproj", "{1760C8C5-A6B3-4EA1-B74F-A6492882F25D}"
EndProject
Project("{2150E333-8FDC-42A3-9474-1A3956D46DE8}") = "Basket", "Basket", "{E9CA1643-F4CD-411D-91BD-09DA3EE487DD}"
EndProject
Project("{9A19103F-16F7-4668-BE54-9A1E7A4F7556}") = "Basket.API", "Services\Basket\Basket.API\Basket.API.csproj", "{3C54309C-147D-460C-9916-4A80D5AFFFCB}"
EndProject
Project("{2150E333-8FDC-42A3-9474-1A3956D46DE8}") = "Discount", "Discount", "{70FC1CAC-A3E2-4F4C-93C8-734828379C57}"
EndProject
Project("{9A19103F-16F7-4668-BE54-9A1E7A4F7556}") = "Discount.API", "Services\Discount\Discount.API\Discount.API.csproj", "{F0D06BC7-06DE-4012-9BE1-938EDC15CE5B}"
EndProject
Project("{9A19103F-16F7-4668-BE54-9A1E7A4F7556}") = "Discount.Grpc", "Services\Discount\Discount.Grpc\Discount.Grpc.csproj", "{81BA9E96-AC6A-449D-93F4-9FAA16DEDE2F}"
EndProject
Project("{2150E333-8FDC-42A3-9474-1A3956D46DE8}") = "Ordering", "Ordering", "{1F700872-1275-4BA5-BBEB-F6CA2A8FCBA4}"
EndProject
Project("{9A19103F-16F7-4668-BE54-9A1E7A4F7556}") = "Ordering.API", "Services\Ordering\Ordering.API\Ordering.API.csproj", "{88FD92AF-66C3-4259-ACA2-089AF3CC587A}"
EndProject
Project("{9A19103F-16F7-4668-BE54-9A1E7A4F7556}") = "Ordering.Domain", "Services\Ordering\Ordering.Domain\Ordering.Domain.csproj", "{38DE137D-0F88-41F2-84D5-E22C5B6C1149}"
EndProject
Project("{9A19103F-16F7-4668-BE54-9A1E7A4F7556}") = "Ordering.Application", "Services\Ordering\Ordering.Application\Ordering.Application.csproj", "{F46EFEC6-04F6-4201-978A-1B8E0142AFFB}"
EndProject
Project("{9A19103F-16F7-4668-BE54-9A1E7A4F7556}") = "Ordering.Infrastructure", "Services\Ordering\Ordering.Infrastructure\Ordering.Infrastructure.csproj", "{A9AEF5D5-E45E-4B4B-968F-7A5F63AA2D06}"
EndProject
Project("{2150E333-8FDC-42A3-9474-1A3956D46DE8}") = "BuildingBlocks", "BuildingBlocks", "{64BEAD0B-8974-4DC7-AAA8-368C1B064113}"
EndProject
Project("{FAE04EC0-301F-11D3-BF4B-00C04F79EFBC}") = "EventBus.Messages", "BuildingBlocks\EventBus.Messages\EventBus.Messages.csproj", "{EF6E813B-9C27-40CB-8028-F32B18FFB422}"
EndProject
Global
	GlobalSection(SolutionConfigurationPlatforms) = preSolution
		Debug|Any CPU = Debug|Any CPU
		Release|Any CPU = Release|Any CPU
	EndGlobalSection
	GlobalSection(ProjectConfigurationPlatforms) = postSolution
		{423A556D-EE03-4FA1-B9BE-34471DB7F427}.Debug|Any CPU.ActiveCfg = Debug|Any CPU
		{423A556D-EE03-4FA1-B9BE-34471DB7F427}.Debug|Any CPU.Build.0 = Debug|Any CPU
		{423A556D-EE03-4FA1-B9BE-34471DB7F427}.Release|Any CPU.ActiveCfg = Release|Any CPU
		{423A556D-EE03-4FA1-B9BE-34471DB7F427}.Release|Any CPU.Build.0 = Release|Any CPU
		{1760C8C5-A6B3-4EA1-B74F-A6492882F25D}.Debug|Any CPU.ActiveCfg = Debug|Any CPU
		{1760C8C5-A6B3-4EA1-B74F-A6492882F25D}.Debug|Any CPU.Build.0 = Debug|Any CPU
		{1760C8C5-A6B3-4EA1-B74F-A6492882F25D}.Release|Any CPU.ActiveCfg = Release|Any CPU
		{1760C8C5-A6B3-4EA1-B74F-A6492882F25D}.Release|Any CPU.Build.0 = Release|Any CPU
		{3C54309C-147D-460C-9916-4A80D5AFFFCB}.Debug|Any CPU.ActiveCfg = Debug|Any CPU
		{3C54309C-147D-460C-9916-4A80D5AFFFCB}.Debug|Any CPU.Build.0 = Debug|Any CPU
		{3C54309C-147D-460C-9916-4A80D5AFFFCB}.Release|Any CPU.ActiveCfg = Release|Any CPU
		{3C54309C-147D-460C-9916-4A80D5AFFFCB}.Release|Any CPU.Build.0 = Release|Any CPU
		{F0D06BC7-06DE-4012-9BE1-938EDC15CE5B}.Debug|Any CPU.ActiveCfg = Debug|Any CPU
		{F0D06BC7-06DE-4012-9BE1-938EDC15CE5B}.Debug|Any CPU.Build.0 = Debug|Any CPU
		{F0D06BC7-06DE-4012-9BE1-938EDC15CE5B}.Release|Any CPU.ActiveCfg = Release|Any CPU
		{F0D06BC7-06DE-4012-9BE1-938EDC15CE5B}.Release|Any CPU.Build.0 = Release|Any CPU
		{81BA9E96-AC6A-449D-93F4-9FAA16DEDE2F}.Debug|Any CPU.ActiveCfg = Debug|Any CPU
		{81BA9E96-AC6A-449D-93F4-9FAA16DEDE2F}.Debug|Any CPU.Build.0 = Debug|Any CPU
		{81BA9E96-AC6A-449D-93F4-9FAA16DEDE2F}.Release|Any CPU.ActiveCfg = Release|Any CPU
		{81BA9E96-AC6A-449D-93F4-9FAA16DEDE2F}.Release|Any CPU.Build.0 = Release|Any CPU
		{88FD92AF-66C3-4259-ACA2-089AF3CC587A}.Debug|Any CPU.ActiveCfg = Debug|Any CPU
		{88FD92AF-66C3-4259-ACA2-089AF3CC587A}.Debug|Any CPU.Build.0 = Debug|Any CPU
		{88FD92AF-66C3-4259-ACA2-089AF3CC587A}.Release|Any CPU.ActiveCfg = Release|Any CPU
		{88FD92AF-66C3-4259-ACA2-089AF3CC587A}.Release|Any CPU.Build.0 = Release|Any CPU
		{38DE137D-0F88-41F2-84D5-E22C5B6C1149}.Debug|Any CPU.ActiveCfg = Debug|Any CPU
		{38DE137D-0F88-41F2-84D5-E22C5B6C1149}.Debug|Any CPU.Build.0 = Debug|Any CPU
		{38DE137D-0F88-41F2-84D5-E22C5B6C1149}.Release|Any CPU.ActiveCfg = Release|Any CPU
		{38DE137D-0F88-41F2-84D5-E22C5B6C1149}.Release|Any CPU.Build.0 = Release|Any CPU
		{F46EFEC6-04F6-4201-978A-1B8E0142AFFB}.Debug|Any CPU.ActiveCfg = Debug|Any CPU
		{F46EFEC6-04F6-4201-978A-1B8E0142AFFB}.Debug|Any CPU.Build.0 = Debug|Any CPU
		{F46EFEC6-04F6-4201-978A-1B8E0142AFFB}.Release|Any CPU.ActiveCfg = Release|Any CPU
		{F46EFEC6-04F6-4201-978A-1B8E0142AFFB}.Release|Any CPU.Build.0 = Release|Any CPU
		{A9AEF5D5-E45E-4B4B-968F-7A5F63AA2D06}.Debug|Any CPU.ActiveCfg = Debug|Any CPU
		{A9AEF5D5-E45E-4B4B-968F-7A5F63AA2D06}.Debug|Any CPU.Build.0 = Debug|Any CPU
		{A9AEF5D5-E45E-4B4B-968F-7A5F63AA2D06}.Release|Any CPU.ActiveCfg = Release|Any CPU
		{A9AEF5D5-E45E-4B4B-968F-7A5F63AA2D06}.Release|Any CPU.Build.0 = Release|Any CPU
		{EF6E813B-9C27-40CB-8028-F32B18FFB422}.Debug|Any CPU.ActiveCfg = Debug|Any CPU
		{EF6E813B-9C27-40CB-8028-F32B18FFB422}.Debug|Any CPU.Build.0 = Debug|Any CPU
		{EF6E813B-9C27-40CB-8028-F32B18FFB422}.Release|Any CPU.ActiveCfg = Release|Any CPU
		{EF6E813B-9C27-40CB-8028-F32B18FFB422}.Release|Any CPU.Build.0 = Release|Any CPU
	EndGlobalSection
	GlobalSection(SolutionProperties) = preSolution
		HideSolutionNode = FALSE
	EndGlobalSection
	GlobalSection(NestedProjects) = preSolution
		{76B32C9B-911E-4F11-854D-FC8E5AB77D93} = {8589DDA8-5365-48EB-BA90-9E18A3DB78D0}
		{423A556D-EE03-4FA1-B9BE-34471DB7F427} = {76B32C9B-911E-4F11-854D-FC8E5AB77D93}
		{E9CA1643-F4CD-411D-91BD-09DA3EE487DD} = {8589DDA8-5365-48EB-BA90-9E18A3DB78D0}
		{3C54309C-147D-460C-9916-4A80D5AFFFCB} = {E9CA1643-F4CD-411D-91BD-09DA3EE487DD}
		{70FC1CAC-A3E2-4F4C-93C8-734828379C57} = {8589DDA8-5365-48EB-BA90-9E18A3DB78D0}
		{F0D06BC7-06DE-4012-9BE1-938EDC15CE5B} = {70FC1CAC-A3E2-4F4C-93C8-734828379C57}
		{81BA9E96-AC6A-449D-93F4-9FAA16DEDE2F} = {70FC1CAC-A3E2-4F4C-93C8-734828379C57}
		{1F700872-1275-4BA5-BBEB-F6CA2A8FCBA4} = {8589DDA8-5365-48EB-BA90-9E18A3DB78D0}
		{88FD92AF-66C3-4259-ACA2-089AF3CC587A} = {1F700872-1275-4BA5-BBEB-F6CA2A8FCBA4}
		{38DE137D-0F88-41F2-84D5-E22C5B6C1149} = {1F700872-1275-4BA5-BBEB-F6CA2A8FCBA4}
		{F46EFEC6-04F6-4201-978A-1B8E0142AFFB} = {1F700872-1275-4BA5-BBEB-F6CA2A8FCBA4}
		{A9AEF5D5-E45E-4B4B-968F-7A5F63AA2D06} = {1F700872-1275-4BA5-BBEB-F6CA2A8FCBA4}
		{EF6E813B-9C27-40CB-8028-F32B18FFB422} = {64BEAD0B-8974-4DC7-AAA8-368C1B064113}
	EndGlobalSection
	GlobalSection(ExtensibilityGlobals) = postSolution
		SolutionGuid = {6D187921-AB94-4CA8-A683-66AA230D3170}
	EndGlobalSection
EndGlobal
